
Microsoft Visual Studio Solution File, Format Version 12.00
# Visual Studio Version 16
VisualStudioVersion = 16.0.30907.101
MinimumVisualStudioVersion = 10.0.40219.1
Project("{FAE04EC0-301F-11D3-BF4B-00C04F79EFBC}") = "DbFirstEg", "DbFirstEg\DbFirstEg.csproj", "{FA5E4C6E-B5C8-483E-A3AE-28F8C68CD9C7}"
EndProject
Global
	GlobalSection(SolutionConfigurationPlatforms) = preSolution
		Debug|Any CPU = Debug|Any CPU
		Release|Any CPU = Release|Any CPU
	EndGlobalSection
	GlobalSection(ProjectConfigurationPlatforms) = postSolution
		{FA5E4C6E-B5C8-483E-A3AE-28F8C68CD9C7}.Debug|Any CPU.ActiveCfg = Debug|Any CPU
		{FA5E4C6E-B5C8-483E-A3AE-28F8C68CD9C7}.Debug|Any CPU.Build.0 = Debug|Any CPU
		{FA5E4C6E-B5C8-483E-A3AE-28F8C68CD9C7}.Release|Any CPU.ActiveCfg = Release|Any CPU
		{FA5E4C6E-B5C8-483E-A3AE-28F8C68CD9C7}.Release|Any CPU.Build.0 = Release|Any CPU
	EndGlobalSection
	GlobalSection(SolutionProperties) = preSolution
		HideSolutionNode = FALSE
	EndGlobalSection
	GlobalSection(ExtensibilityGlobals) = postSolution
		SolutionGuid = {113EF443-BB8B-4490-8A1A-10F376D7CDA5}
	EndGlobalSection
EndGlobal
