
Microsoft Visual Studio Solution File, Format Version 12.00
# Visual Studio Version 16
VisualStudioVersion = 16.0.30907.101
MinimumVisualStudioVersion = 10.0.40219.1
Project("{FAE04EC0-301F-11D3-BF4B-00C04F79EFBC}") = "EFDemoSecond", "EFDemoSecond\EFDemoSecond.csproj", "{C228B8D1-9D76-4BD2-9683-B8D59802DD2A}"
EndProject
Global
	GlobalSection(SolutionConfigurationPlatforms) = preSolution
		Debug|Any CPU = Debug|Any CPU
		Release|Any CPU = Release|Any CPU
	EndGlobalSection
	GlobalSection(ProjectConfigurationPlatforms) = postSolution
		{C228B8D1-9D76-4BD2-9683-B8D59802DD2A}.Debug|Any CPU.ActiveCfg = Debug|Any CPU
		{C228B8D1-9D76-4BD2-9683-B8D59802DD2A}.Debug|Any CPU.Build.0 = Debug|Any CPU
		{C228B8D1-9D76-4BD2-9683-B8D59802DD2A}.Release|Any CPU.ActiveCfg = Release|Any CPU
		{C228B8D1-9D76-4BD2-9683-B8D59802DD2A}.Release|Any CPU.Build.0 = Release|Any CPU
	EndGlobalSection
	GlobalSection(SolutionProperties) = preSolution
		HideSolutionNode = FALSE
	EndGlobalSection
	GlobalSection(ExtensibilityGlobals) = postSolution
		SolutionGuid = {FEA8424A-FF15-45A2-89EE-05DFDB38BCE3}
	EndGlobalSection
EndGlobal
