
Microsoft Visual Studio Solution File, Format Version 12.00
# Visual Studio Version 16
VisualStudioVersion = 16.0.30907.101
MinimumVisualStudioVersion = 10.0.40219.1
Project("{FAE04EC0-301F-11D3-BF4B-00C04F79EFBC}") = "EFDemoFirst", "EFDemoFirst\EFDemoFirst.csproj", "{6E389030-0871-4649-BE63-2EA72A7BFD02}"
EndProject
Global
	GlobalSection(SolutionConfigurationPlatforms) = preSolution
		Debug|Any CPU = Debug|Any CPU
		Release|Any CPU = Release|Any CPU
	EndGlobalSection
	GlobalSection(ProjectConfigurationPlatforms) = postSolution
		{6E389030-0871-4649-BE63-2EA72A7BFD02}.Debug|Any CPU.ActiveCfg = Debug|Any CPU
		{6E389030-0871-4649-BE63-2EA72A7BFD02}.Debug|Any CPU.Build.0 = Debug|Any CPU
		{6E389030-0871-4649-BE63-2EA72A7BFD02}.Release|Any CPU.ActiveCfg = Release|Any CPU
		{6E389030-0871-4649-BE63-2EA72A7BFD02}.Release|Any CPU.Build.0 = Release|Any CPU
	EndGlobalSection
	GlobalSection(SolutionProperties) = preSolution
		HideSolutionNode = FALSE
	EndGlobalSection
	GlobalSection(ExtensibilityGlobals) = postSolution
		SolutionGuid = {9B9E93B6-7673-45CA-9A57-B90E549CCADA}
	EndGlobalSection
EndGlobal
