
Microsoft Visual Studio Solution File, Format Version 12.00
# Visual Studio Version 16
VisualStudioVersion = 16.0.30907.101
MinimumVisualStudioVersion = 10.0.40219.1
Project("{FAE04EC0-301F-11D3-BF4B-00C04F79EFBC}") = "prjDLLDemo", "prjDLLDemo\prjDLLDemo.csproj", "{4810AF96-A6C6-4C1D-BA4A-E86AB172BC6C}"
EndProject
Project("{FAE04EC0-301F-11D3-BF4B-00C04F79EFBC}") = "prjClient", "prjClient\prjClient.csproj", "{264FBBD1-3B51-4616-A76E-25586D298ED2}"
EndProject
Global
	GlobalSection(SolutionConfigurationPlatforms) = preSolution
		Debug|Any CPU = Debug|Any CPU
		Release|Any CPU = Release|Any CPU
	EndGlobalSection
	GlobalSection(ProjectConfigurationPlatforms) = postSolution
		{4810AF96-A6C6-4C1D-BA4A-E86AB172BC6C}.Debug|Any CPU.ActiveCfg = Debug|Any CPU
		{4810AF96-A6C6-4C1D-BA4A-E86AB172BC6C}.Debug|Any CPU.Build.0 = Debug|Any CPU
		{4810AF96-A6C6-4C1D-BA4A-E86AB172BC6C}.Release|Any CPU.ActiveCfg = Release|Any CPU
		{4810AF96-A6C6-4C1D-BA4A-E86AB172BC6C}.Release|Any CPU.Build.0 = Release|Any CPU
		{264FBBD1-3B51-4616-A76E-25586D298ED2}.Debug|Any CPU.ActiveCfg = Debug|Any CPU
		{264FBBD1-3B51-4616-A76E-25586D298ED2}.Debug|Any CPU.Build.0 = Debug|Any CPU
		{264FBBD1-3B51-4616-A76E-25586D298ED2}.Release|Any CPU.ActiveCfg = Release|Any CPU
		{264FBBD1-3B51-4616-A76E-25586D298ED2}.Release|Any CPU.Build.0 = Release|Any CPU
	EndGlobalSection
	GlobalSection(SolutionProperties) = preSolution
		HideSolutionNode = FALSE
	EndGlobalSection
	GlobalSection(ExtensibilityGlobals) = postSolution
		SolutionGuid = {D1D3B1AE-F35D-4268-A6FE-92BC4E0CC61C}
	EndGlobalSection
EndGlobal
