
Microsoft Visual Studio Solution File, Format Version 12.00
# Visual Studio Version 16
VisualStudioVersion = 16.0.30907.101
MinimumVisualStudioVersion = 10.0.40219.1
Project("{FAE04EC0-301F-11D3-BF4B-00C04F79EFBC}") = "prjFirstConsoleApp", "prjFirstConsoleApp\prjFirstConsoleApp.csproj", "{0CA5E937-5E90-4E7B-B8D8-4609583D0747}"
EndProject
Global
	GlobalSection(SolutionConfigurationPlatforms) = preSolution
		Debug|Any CPU = Debug|Any CPU
		Release|Any CPU = Release|Any CPU
	EndGlobalSection
	GlobalSection(ProjectConfigurationPlatforms) = postSolution
		{0CA5E937-5E90-4E7B-B8D8-4609583D0747}.Debug|Any CPU.ActiveCfg = Debug|Any CPU
		{0CA5E937-5E90-4E7B-B8D8-4609583D0747}.Debug|Any CPU.Build.0 = Debug|Any CPU
		{0CA5E937-5E90-4E7B-B8D8-4609583D0747}.Release|Any CPU.ActiveCfg = Release|Any CPU
		{0CA5E937-5E90-4E7B-B8D8-4609583D0747}.Release|Any CPU.Build.0 = Release|Any CPU
	EndGlobalSection
	GlobalSection(SolutionProperties) = preSolution
		HideSolutionNode = FALSE
	EndGlobalSection
	GlobalSection(ExtensibilityGlobals) = postSolution
		SolutionGuid = {4C13690B-490A-4EB6-B1C7-E33782183274}
	EndGlobalSection
EndGlobal
